
Microsoft Visual Studio Solution File, Format Version 12.00
# Visual Studio Version 17
VisualStudioVersion = 17.7.34221.43
MinimumVisualStudioVersion = 10.0.40219.1
Project("{FAE04EC0-301F-11D3-BF4B-00C04F79EFBC}") = "Timer", "Timer.csproj", "{44D7AE43-A366-4B7F-9DC7-BE2B923F3E62}"
EndProject
Global
	GlobalSection(SolutionConfigurationPlatforms) = preSolution
		Debug|Any CPU = Debug|Any CPU
		Release|Any CPU = Release|Any CPU
	EndGlobalSection
	GlobalSection(ProjectConfigurationPlatforms) = postSolution
		{44D7AE43-A366-4B7F-9DC7-BE2B923F3E62}.Debug|Any CPU.ActiveCfg = Debug|Any CPU
		{44D7AE43-A366-4B7F-9DC7-BE2B923F3E62}.Debug|Any CPU.Build.0 = Debug|Any CPU
		{44D7AE43-A366-4B7F-9DC7-BE2B923F3E62}.Release|Any CPU.ActiveCfg = Release|Any CPU
		{44D7AE43-A366-4B7F-9DC7-BE2B923F3E62}.Release|Any CPU.Build.0 = Release|Any CPU
	EndGlobalSection
	GlobalSection(SolutionProperties) = preSolution
		HideSolutionNode = FALSE
	EndGlobalSection
	GlobalSection(ExtensibilityGlobals) = postSolution
		SolutionGuid = {0F873E33-556D-49C1-B68A-BF44EF9B31D6}
	EndGlobalSection
EndGlobal
